{
	"name": "@rvx/ui",
	"version": "0.6.1",
	"lockfileVersion": 3,
	"requires": true,
	"dev": true,
	"packages": {
		"": {
			"name": "@rvx/ui",
			"version": "0.6.1",
			"license": "AGPL-3.0",
			"devDependencies": {
				"@mxjp/parallel": "^1.0.2",
				"@rvx/ui": "file:.",
				"typescript": "^6.0.3"
			},
			"peerDependencies": {
				"rvx": "^26.0.4"
			}
		},
		"node_modules/@mxjp/parallel": {
			"version": "1.0.2",
			"resolved": "https://registry.npmjs.org/@mxjp/parallel/-/parallel-1.0.2.tgz",
			"integrity": "sha512-f9A0WBJTLHtASCerZ4eiQvKhsGMYXhhza9g3j/cuwaX2LBSBQoMlJ++00zgqRbl6Fjgp1y7ydEmkXG41gHJfuw==",
			"dev": true,
			"bin": {
				"mx-parallel": "main.js"
			}
		},
		"node_modules/@rvx/ui": {
			"resolved": "",
			"link": true
		},
		"node_modules/rvx": {
			"version": "26.0.4",
			"resolved": "https://registry.npmjs.org/rvx/-/rvx-26.0.4.tgz",
			"integrity": "sha512-alwUjKsLdXwLeOyQrjm7sT2D25mPa3hgqm/wPyWp7ol4XdALdQNOfglZlaT2m+K3yXqFZ97pz6jJO2R9mi1wAg==",
			"license": "AGPL-3.0",
			"peer": true
		},
		"node_modules/typescript": {
			"version": "6.0.3",
			"resolved": "https://registry.npmjs.org/typescript/-/typescript-6.0.3.tgz",
			"integrity": "sha512-y2TvuxSZPDyQakkFRPZHKFm+KKVqIisdg9/CZwm9ftvKXLP8NRWj38/ODjNbr43SsoXqNuAisEf1GdCxqWcdBw==",
			"dev": true,
			"license": "Apache-2.0",
			"bin": {
				"tsc": "bin/tsc",
				"tsserver": "bin/tsserver"
			},
			"engines": {
				"node": ">=14.17"
			}
		}
	}
}
