{
	"name": "@mxjp/gluon-ux",
	"version": "0.1.0",
	"lockfileVersion": 3,
	"requires": true,
	"packages": {
		"": {
			"name": "@mxjp/gluon-ux",
			"version": "0.1.0",
			"license": "MIT",
			"devDependencies": {
				"@fortawesome/fontawesome-svg-core": "^6.5.1",
				"@fortawesome/free-solid-svg-icons": "^6.5.1",
				"@mxjp/gluon": "^2.1.0",
				"typescript": "^5.3.3"
			}
		},
		"node_modules/@fortawesome/fontawesome-common-types": {
			"version": "6.5.1",
			"resolved": "https://registry.npmjs.org/@fortawesome/fontawesome-common-types/-/fontawesome-common-types-6.5.1.tgz",
			"integrity": "sha512-GkWzv+L6d2bI5f/Vk6ikJ9xtl7dfXtoRu3YGE6nq0p/FFqA1ebMOAWg3XgRyb0I6LYyYkiAo+3/KrwuBp8xG7A==",
			"dev": true,
			"hasInstallScript": true,
			"engines": {
				"node": ">=6"
			}
		},
		"node_modules/@fortawesome/fontawesome-svg-core": {
			"version": "6.5.1",
			"resolved": "https://registry.npmjs.org/@fortawesome/fontawesome-svg-core/-/fontawesome-svg-core-6.5.1.tgz",
			"integrity": "sha512-MfRCYlQPXoLlpem+egxjfkEuP9UQswTrlCOsknus/NcMoblTH2g0jPrapbcIb04KGA7E2GZxbAccGZfWoYgsrQ==",
			"dev": true,
			"hasInstallScript": true,
			"dependencies": {
				"@fortawesome/fontawesome-common-types": "6.5.1"
			},
			"engines": {
				"node": ">=6"
			}
		},
		"node_modules/@fortawesome/free-solid-svg-icons": {
			"version": "6.5.1",
			"resolved": "https://registry.npmjs.org/@fortawesome/free-solid-svg-icons/-/free-solid-svg-icons-6.5.1.tgz",
			"integrity": "sha512-S1PPfU3mIJa59biTtXJz1oI0+KAXW6bkAb31XKhxdxtuXDiUIFsih4JR1v5BbxY7hVHsD1RKq+jRkVRaf773NQ==",
			"dev": true,
			"hasInstallScript": true,
			"dependencies": {
				"@fortawesome/fontawesome-common-types": "6.5.1"
			},
			"engines": {
				"node": ">=6"
			}
		},
		"node_modules/@mxjp/gluon": {
			"version": "2.1.0",
			"resolved": "https://registry.npmjs.org/@mxjp/gluon/-/gluon-2.1.0.tgz",
			"integrity": "sha512-7TGFtlrxOGoGpbOwFrmeGNkPK0Spv6YagbFff+E3mv6RlRiO0LfAzNGY9aQrG6tnymllJb6bB+/PycgMdx9USQ==",
			"dev": true
		},
		"node_modules/typescript": {
			"version": "5.3.3",
			"resolved": "https://registry.npmjs.org/typescript/-/typescript-5.3.3.tgz",
			"integrity": "sha512-pXWcraxM0uxAS+tN0AG/BF2TyqmHO014Z070UsJ+pFvYuRSq8KH8DmWpnbXe0pEPDHXZV3FcAbJkijJ5oNEnWw==",
			"dev": true,
			"bin": {
				"tsc": "bin/tsc",
				"tsserver": "bin/tsserver"
			},
			"engines": {
				"node": ">=14.17"
			}
		}
	}
}
